// !$*UTF8*$!
{
	archiveVersion = 1;
	classes = {
	};
	objectVersion = 50;
	objects = {

/* Begin PBXBuildFile section */
		6420DBD92297EC3C000F924E /* AppDelegate.m in Sources */ = {isa = PBXBuildFile; fileRef = 6420DBD82297EC3C000F924E /* AppDelegate.m */; };
		6420DBDC2297EC3C000F924E /* ViewController.m in Sources */ = {isa = PBXBuildFile; fileRef = 6420DBDB2297EC3C000F924E /* ViewController.m */; };
		6420DBDF2297EC3C000F924E /* Main.storyboard in Resources */ = {isa = PBXBuildFile; fileRef = 6420DBDD2297EC3C000F924E /* Main.storyboard */; };
		6420DBE12297EC3C000F924E /* Assets.xcassets in Resources */ = {isa = PBXBuildFile; fileRef = 6420DBE02297EC3C000F924E /* Assets.xcassets */; };
		6420DBE42297EC3C000F924E /* LaunchScreen.storyboard in Resources */ = {isa = PBXBuildFile; fileRef = 6420DBE22297EC3C000F924E /* LaunchScreen.storyboard */; };
		6420DBE72297EC3C000F924E /* main.m in Sources */ = {isa = PBXBuildFile; fileRef = 6420DBE62297EC3C000F924E /* main.m */; };
		6420DBEF2297EE7B000F924E /* libxml2.tbd in Frameworks */ = {isa = PBXBuildFile; fileRef = 6420DBEE2297EE7B000F924E /* libxml2.tbd */; };
		64829D72229B641300C591DF /* UserInfo.m in Sources */ = {isa = PBXBuildFile; fileRef = 64829D71229B641300C591DF /* UserInfo.m */; };
		CAE62CFEF392E39946EFDA09 /* libPods-XMLDataParse.a in Frameworks */ = {isa = PBXBuildFile; fileRef = D6C6CC0C3559785DB668C48C /* libPods-XMLDataParse.a */; };
/* End PBXBuildFile section */

/* Begin PBXFileReference section */
		6420DBD42297EC3B000F924E /* XMLDataParse.app */ = {isa = PBXFileReference; explicitFileType = wrapper.application; includeInIndex = 0; path = XMLDataParse.app; sourceTree = BUILT_PRODUCTS_DIR; };
		6420DBD72297EC3B000F924E /* AppDelegate.h */ = {isa = PBXFileReference; lastKnownFileType = sourcecode.c.h; path = AppDelegate.h; sourceTree = "<group>"; };
		6420DBD82297EC3C000F924E /* AppDelegate.m */ = {isa = PBXFileReference; lastKnownFileType = sourcecode.c.objc; path = AppDelegate.m; sourceTree = "<group>"; };
		6420DBDA2297EC3C000F924E /* ViewController.h */ = {isa = PBXFileReference; lastKnownFileType = sourcecode.c.h; path = ViewController.h; sourceTree = "<group>"; };
		6420DBDB2297EC3C000F924E /* ViewController.m */ = {isa = PBXFileReference; lastKnownFileType = sourcecode.c.objc; path = ViewController.m; sourceTree = "<group>"; };
		6420DBDE2297EC3C000F924E /* Base */ = {isa = PBXFileReference; lastKnownFileType = file.storyboard; name = Base; path = Base.lproj/Main.storyboard; sourceTree = "<group>"; };
		6420DBE02297EC3C000F924E /* Assets.xcassets */ = {isa = PBXFileReference; lastKnownFileType = folder.assetcatalog; path = Assets.xcassets; sourceTree = "<group>"; };
		6420DBE32297EC3C000F924E /* Base */ = {isa = PBXFileReference; lastKnownFileType = file.storyboard; name = Base; path = Base.lproj/LaunchScreen.storyboard; sourceTree = "<group>"; };
		6420DBE52297EC3C000F924E /* Info.plist */ = {isa = PBXFileReference; lastKnownFileType = text.plist.xml; path = Info.plist; sourceTree = "<group>"; };
		6420DBE62297EC3C000F924E /* main.m */ = {isa = PBXFileReference; lastKnownFileType = sourcecode.c.objc; path = main.m; sourceTree = "<group>"; };
		6420DBEE2297EE7B000F924E /* libxml2.tbd */ = {isa = PBXFileReference; lastKnownFileType = "sourcecode.text-based-dylib-definition"; name = libxml2.tbd; path = usr/lib/libxml2.tbd; sourceTree = SDKROOT; };
		64829D70229B641300C591DF /* UserInfo.h */ = {isa = PBXFileReference; lastKnownFileType = sourcecode.c.h; path = UserInfo.h; sourceTree = "<group>"; };
		64829D71229B641300C591DF /* UserInfo.m */ = {isa = PBXFileReference; lastKnownFileType = sourcecode.c.objc; path = UserInfo.m; sourceTree = "<group>"; };
		6FDCE3A1BE7F5A889871DC30 /* Pods-XMLDataParse.debug.xcconfig */ = {isa = PBXFileReference; includeInIndex = 1; lastKnownFileType = text.xcconfig; name = "Pods-XMLDataParse.debug.xcconfig"; path = "Pods/Target Support Files/Pods-XMLDataParse/Pods-XMLDataParse.debug.xcconfig"; sourceTree = "<group>"; };
		C7CC3C704DFF9A38FD2CB068 /* Pods-XMLDataParse.release.xcconfig */ = {isa = PBXFileReference; includeInIndex = 1; lastKnownFileType = text.xcconfig; name = "Pods-XMLDataParse.release.xcconfig"; path = "Pods/Target Support Files/Pods-XMLDataParse/Pods-XMLDataParse.release.xcconfig"; sourceTree = "<group>"; };
		D6C6CC0C3559785DB668C48C /* libPods-XMLDataParse.a */ = {isa = PBXFileReference; explicitFileType = archive.ar; includeInIndex = 0; path = "libPods-XMLDataParse.a"; sourceTree = BUILT_PRODUCTS_DIR; };
/* End PBXFileReference section */

/* Begin PBXFrameworksBuildPhase section */
		6420DBD12297EC3B000F924E /* Frameworks */ = {
			isa = PBXFrameworksBuildPhase;
			buildActionMask = 2147483647;
			files = (
				6420DBEF2297EE7B000F924E /* libxml2.tbd in Frameworks */,
				CAE62CFEF392E39946EFDA09 /* libPods-XMLDataParse.a in Frameworks */,
			);
			runOnlyForDeploymentPostprocessing = 0;
		};
/* End PBXFrameworksBuildPhase section */

/* Begin PBXGroup section */
		6420DBCB2297EC3B000F924E = {
			isa = PBXGroup;
			children = (
				6420DBD62297EC3B000F924E /* XMLDataParse */,
				6420DBD52297EC3B000F924E /* Products */,
				6420DBED2297EE7B000F924E /* Frameworks */,
				FD81EF5EC834CB0CA093E5A6 /* Pods */,
			);
			sourceTree = "<group>";
		};
		6420DBD52297EC3B000F924E /* Products */ = {
			isa = PBXGroup;
			children = (
				6420DBD42297EC3B000F924E /* XMLDataParse.app */,
			);
			name = Products;
			sourceTree = "<group>";
		};
		6420DBD62297EC3B000F924E /* XMLDataParse */ = {
			isa = PBXGroup;
			children = (
				6420DBD72297EC3B000F924E /* AppDelegate.h */,
				6420DBD82297EC3C000F924E /* AppDelegate.m */,
				6420DBDA2297EC3C000F924E /* ViewController.h */,
				6420DBDB2297EC3C000F924E /* ViewController.m */,
				6420DBDD2297EC3C000F924E /* Main.storyboard */,
				6420DBE02297EC3C000F924E /* Assets.xcassets */,
				6420DBE22297EC3C000F924E /* LaunchScreen.storyboard */,
				6420DBE52297EC3C000F924E /* Info.plist */,
				6420DBE62297EC3C000F924E /* main.m */,
				64829D70229B641300C591DF /* UserInfo.h */,
				64829D71229B641300C591DF /* UserInfo.m */,
			);
			path = XMLDataParse;
			sourceTree = "<group>";
		};
		6420DBED2297EE7B000F924E /* Frameworks */ = {
			isa = PBXGroup;
			children = (
				6420DBEE2297EE7B000F924E /* libxml2.tbd */,
				D6C6CC0C3559785DB668C48C /* libPods-XMLDataParse.a */,
			);
			name = Frameworks;
			sourceTree = "<group>";
		};
		FD81EF5EC834CB0CA093E5A6 /* Pods */ = {
			isa = PBXGroup;
			children = (
				6FDCE3A1BE7F5A889871DC30 /* Pods-XMLDataParse.debug.xcconfig */,
				C7CC3C704DFF9A38FD2CB068 /* Pods-XMLDataParse.release.xcconfig */,
			);
			name = Pods;
			sourceTree = "<group>";
		};
/* End PBXGroup section */

/* Begin PBXNativeTarget section */
		6420DBD32297EC3B000F924E /* XMLDataParse */ = {
			isa = PBXNativeTarget;
			buildConfigurationList = 6420DBEA2297EC3C000F924E /* Build configuration list for PBXNativeTarget "XMLDataParse" */;
			buildPhases = (
				5E9FEEBA480741C3CACB2D6A /* [CP] Check Pods Manifest.lock */,
				6420DBD02297EC3B000F924E /* Sources */,
				6420DBD12297EC3B000F924E /* Frameworks */,
				6420DBD22297EC3B000F924E /* Resources */,
			);
			buildRules = (
			);
			dependencies = (
			);
			name = XMLDataParse;
			productName = XMLDataParse;
			productReference = 6420DBD42297EC3B000F924E /* XMLDataParse.app */;
			productType = "com.apple.product-type.application";
		};
/* End PBXNativeTarget section */

/* Begin PBXProject section */
		6420DBCC2297EC3B000F924E /* Project object */ = {
			isa = PBXProject;
			attributes = {
				LastUpgradeCheck = 0940;
				ORGANIZATIONNAME = PandaTest;
				TargetAttributes = {
					6420DBD32297EC3B000F924E = {
						CreatedOnToolsVersion = 9.4.1;
					};
				};
			};
			buildConfigurationList = 6420DBCF2297EC3B000F924E /* Build configuration list for PBXProject "XMLDataParse" */;
			compatibilityVersion = "Xcode 9.3";
			developmentRegion = en;
			hasScannedForEncodings = 0;
			knownRegions = (
				en,
				Base,
			);
			mainGroup = 6420DBCB2297EC3B000F924E;
			productRefGroup = 6420DBD52297EC3B000F924E /* Products */;
			projectDirPath = "";
			projectRoot = "";
			targets = (
				6420DBD32297EC3B000F924E /* XMLDataParse */,
			);
		};
/* End PBXProject section */

/* Begin PBXResourcesBuildPhase section */
		6420DBD22297EC3B000F924E /* Resources */ = {
			isa = PBXResourcesBuildPhase;
			buildActionMask = 2147483647;
			files = (
				6420DBE42297EC3C000F924E /* LaunchScreen.storyboard in Resources */,
				6420DBE12297EC3C000F924E /* Assets.xcassets in Resources */,
				6420DBDF2297EC3C000F924E /* Main.storyboard in Resources */,
			);
			runOnlyForDeploymentPostprocessing = 0;
		};
/* End PBXResourcesBuildPhase section */

/* Begin PBXShellScriptBuildPhase section */
		5E9FEEBA480741C3CACB2D6A /* [CP] Check Pods Manifest.lock */ = {
			isa = PBXShellScriptBuildPhase;
			buildActionMask = 2147483647;
			files = (
			);
			inputPaths = (
				"${PODS_PODFILE_DIR_PATH}/Podfile.lock",
				"${PODS_ROOT}/Manifest.lock",
			);
			name = "[CP] Check Pods Manifest.lock";
			outputPaths = (
				"$(DERIVED_FILE_DIR)/Pods-XMLDataParse-checkManifestLockResult.txt",
			);
			runOnlyForDeploymentPostprocessing = 0;
			shellPath = /bin/sh;
			shellScript = "diff \"${PODS_PODFILE_DIR_PATH}/Podfile.lock\" \"${PODS_ROOT}/Manifest.lock\" > /dev/null\nif [ $? != 0 ] ; then\n    # print error to STDERR\n    echo \"error: The sandbox is not in sync with the Podfile.lock. Run 'pod install' or update your CocoaPods installation.\" >&2\n    exit 1\nfi\n# This output is used by Xcode 'outputs' to avoid re-running this script phase.\necho \"SUCCESS\" > \"${SCRIPT_OUTPUT_FILE_0}\"\n";
			showEnvVarsInLog = 0;
		};
/* End PBXShellScriptBuildPhase section */

/* Begin PBXSourcesBuildPhase section */
		6420DBD02297EC3B000F924E /* Sources */ = {
			isa = PBXSourcesBuildPhase;
			buildActionMask = 2147483647;
			files = (
				64829D72229B641300C591DF /* UserInfo.m in Sources */,
				6420DBDC2297EC3C000F924E /* ViewController.m in Sources */,
				6420DBE72297EC3C000F924E /* main.m in Sources */,
				6420DBD92297EC3C000F924E /* AppDelegate.m in Sources */,
			);
			runOnlyForDeploymentPostprocessing = 0;
		};
/* End PBXSourcesBuildPhase section */

/* Begin PBXVariantGroup section */
		6420DBDD2297EC3C000F924E /* Main.storyboard */ = {
			isa = PBXVariantGroup;
			children = (
				6420DBDE2297EC3C000F924E /* Base */,
			);
			name = Main.storyboard;
			sourceTree = "<group>";
		};
		6420DBE22297EC3C000F924E /* LaunchScreen.storyboard */ = {
			isa = PBXVariantGroup;
			children = (
				6420DBE32297EC3C000F924E /* Base */,
			);
			name = LaunchScreen.storyboard;
			sourceTree = "<group>";
		};
/* End PBXVariantGroup section */

/* Begin XCBuildConfiguration section */
		6420DBE82297EC3C000F924E /* Debug */ = {
			isa = XCBuildConfiguration;
			buildSettings = {
				ALWAYS_SEARCH_USER_PATHS = NO;
				CLANG_ANALYZER_NONNULL = YES;
				CLANG_ANALYZER_NUMBER_OBJECT_CONVERSION = YES_AGGRESSIVE;
				CLANG_CXX_LANGUAGE_STANDARD = "gnu++14";
				CLANG_CXX_LIBRARY = "libc++";
				CLANG_ENABLE_MODULES = YES;
				CLANG_ENABLE_OBJC_ARC = YES;
				CLANG_ENABLE_OBJC_WEAK = YES;
				CLANG_WARN_BLOCK_CAPTURE_AUTORELEASING = YES;
				CLANG_WARN_BOOL_CONVERSION = YES;
				CLANG_WARN_COMMA = YES;
				CLANG_WARN_CONSTANT_CONVERSION = YES;
				CLANG_WARN_DEPRECATED_OBJC_IMPLEMENTATIONS = YES;
				CLANG_WARN_DIRECT_OBJC_ISA_USAGE = YES_ERROR;
				CLANG_WARN_DOCUMENTATION_COMMENTS = YES;
				CLANG_WARN_EMPTY_BODY = YES;
				CLANG_WARN_ENUM_CONVERSION = YES;
				CLANG_WARN_INFINITE_RECURSION = YES;
				CLANG_WARN_INT_CONVERSION = YES;
				CLANG_WARN_NON_LITERAL_NULL_CONVERSION = YES;
				CLANG_WARN_OBJC_IMPLICIT_RETAIN_SELF = YES;
				CLANG_WARN_OBJC_LITERAL_CONVERSION = YES;
				CLANG_WARN_OBJC_ROOT_CLASS = YES_ERROR;
				CLANG_WARN_RANGE_LOOP_ANALYSIS = YES;
				CLANG_WARN_STRICT_PROTOTYPES = YES;
				CLANG_WARN_SUSPICIOUS_MOVE = YES;
				CLANG_WARN_UNGUARDED_AVAILABILITY = YES_AGGRESSIVE;
				CLANG_WARN_UNREACHABLE_CODE = YES;
				CLANG_WARN__DUPLICATE_METHOD_MATCH = YES;
				CODE_SIGN_IDENTITY = "iPhone Developer";
				COPY_PHASE_STRIP = NO;
				DEBUG_INFORMATION_FORMAT = dwarf;
				ENABLE_STRICT_OBJC_MSGSEND = YES;
				ENABLE_TESTABILITY = YES;
				GCC_C_LANGUAGE_STANDARD = gnu11;
				GCC_DYNAMIC_NO_PIC = NO;
				GCC_NO_COMMON_BLOCKS = YES;
				GCC_OPTIMIZATION_LEVEL = 0;
				GCC_PREPROCESSOR_DEFINITIONS = (
					"DEBUG=1",
					"$(inherited)",
				);
				GCC_WARN_64_TO_32_BIT_CONVERSION = YES;
				GCC_WARN_ABOUT_RETURN_TYPE = YES_ERROR;
				GCC_WARN_UNDECLARED_SELECTOR = YES;
				GCC_WARN_UNINITIALIZED_AUTOS = YES_AGGRESSIVE;
				GCC_WARN_UNUSED_FUNCTION = YES;
				GCC_WARN_UNUSED_VARIABLE = YES;
				IPHONEOS_DEPLOYMENT_TARGET = 11.4;
				MTL_ENABLE_DEBUG_INFO = YES;
				ONLY_ACTIVE_ARCH = YES;
				SDKROOT = iphoneos;
			};
			name = Debug;
		};
		6420DBE92297EC3C000F924E /* Release */ = {
			isa = XCBuildConfiguration;
			buildSettings = {
				ALWAYS_SEARCH_USER_PATHS = NO;
				CLANG_ANALYZER_NONNULL = YES;
				CLANG_ANALYZER_NUMBER_OBJECT_CONVERSION = YES_AGGRESSIVE;
				CLANG_CXX_LANGUAGE_STANDARD = "gnu++14";
				CLANG_CXX_LIBRARY = "libc++";
				CLANG_ENABLE_MODULES = YES;
				CLANG_ENABLE_OBJC_ARC = YES;
				CLANG_ENABLE_OBJC_WEAK = YES;
				CLANG_WARN_BLOCK_CAPTURE_AUTORELEASING = YES;
				CLANG_WARN_BOOL_CONVERSION = YES;
				CLANG_WARN_COMMA = YES;
				CLANG_WARN_CONSTANT_CONVERSION = YES;
				CLANG_WARN_DEPRECATED_OBJC_IMPLEMENTATIONS = YES;
				CLANG_WARN_DIRECT_OBJC_ISA_USAGE = YES_ERROR;
				CLANG_WARN_DOCUMENTATION_COMMENTS = YES;
				CLANG_WARN_EMPTY_BODY = YES;
				CLANG_WARN_ENUM_CONVERSION = YES;
				CLANG_WARN_INFINITE_RECURSION = YES;
				CLANG_WARN_INT_CONVERSION = YES;
				CLANG_WARN_NON_LITERAL_NULL_CONVERSION = YES;
				CLANG_WARN_OBJC_IMPLICIT_RETAIN_SELF = YES;
				CLANG_WARN_OBJC_LITERAL_CONVERSION = YES;
				CLANG_WARN_OBJC_ROOT_CLASS = YES_ERROR;
				CLANG_WARN_RANGE_LOOP_ANALYSIS = YES;
				CLANG_WARN_STRICT_PROTOTYPES = YES;
				CLANG_WARN_SUSPICIOUS_MOVE = YES;
				CLANG_WARN_UNGUARDED_AVAILABILITY = YES_AGGRESSIVE;
				CLANG_WARN_UNREACHABLE_CODE = YES;
				CLANG_WARN__DUPLICATE_METHOD_MATCH = YES;
				CODE_SIGN_IDENTITY = "iPhone Developer";
				COPY_PHASE_STRIP = NO;
				DEBUG_INFORMATION_FORMAT = "dwarf-with-dsym";
				ENABLE_NS_ASSERTIONS = NO;
				ENABLE_STRICT_OBJC_MSGSEND = YES;
				GCC_C_LANGUAGE_STANDARD = gnu11;
				GCC_NO_COMMON_BLOCKS = YES;
				GCC_WARN_64_TO_32_BIT_CONVERSION = YES;
				GCC_WARN_ABOUT_RETURN_TYPE = YES_ERROR;
				GCC_WARN_UNDECLARED_SELECTOR = YES;
				GCC_WARN_UNINITIALIZED_AUTOS = YES_AGGRESSIVE;
				GCC_WARN_UNUSED_FUNCTION = YES;
				GCC_WARN_UNUSED_VARIABLE = YES;
				IPHONEOS_DEPLOYMENT_TARGET = 11.4;
				MTL_ENABLE_DEBUG_INFO = NO;
				SDKROOT = iphoneos;
				VALIDATE_PRODUCT = YES;
			};
			name = Release;
		};
		6420DBEB2297EC3C000F924E /* Debug */ = {
			isa = XCBuildConfiguration;
			baseConfigurationReference = 6FDCE3A1BE7F5A889871DC30 /* Pods-XMLDataParse.debug.xcconfig */;
			buildSettings = {
				ASSETCATALOG_COMPILER_APPICON_NAME = AppIcon;
				CLANG_ENABLE_OBJC_ARC = NO;
				CODE_SIGN_STYLE = Automatic;
				DEVELOPMENT_TEAM = A7344QT6P7;
				HEADER_SEARCH_PATHS = "/user/include/libxml2/**";
				INFOPLIST_FILE = XMLDataParse/Info.plist;
				LD_RUNPATH_SEARCH_PATHS = (
					"$(inherited)",
					"@executable_path/Frameworks",
				);
				OTHER_LDFLAGS = "-lxml2";
				PRODUCT_BUNDLE_IDENTIFIER = com.PandaH3.XMLDataParse;
				PRODUCT_NAME = "$(TARGET_NAME)";
				TARGETED_DEVICE_FAMILY = "1,2";
				USER_HEADER_SEARCH_PATHS = (
					"/user/lib/lxml2/**",
					"$(PODS_ROOT)/**",
				);
			};
			name = Debug;
		};
		6420DBEC2297EC3C000F924E /* Release */ = {
			isa = XCBuildConfiguration;
			baseConfigurationReference = C7CC3C704DFF9A38FD2CB068 /* Pods-XMLDataParse.release.xcconfig */;
			buildSettings = {
				ASSETCATALOG_COMPILER_APPICON_NAME = AppIcon;
				CLANG_ENABLE_OBJC_ARC = NO;
				CODE_SIGN_STYLE = Automatic;
				DEVELOPMENT_TEAM = A7344QT6P7;
				INFOPLIST_FILE = XMLDataParse/Info.plist;
				LD_RUNPATH_SEARCH_PATHS = (
					"$(inherited)",
					"@executable_path/Frameworks",
				);
				PRODUCT_BUNDLE_IDENTIFIER = com.PandaH3.XMLDataParse;
				PRODUCT_NAME = "$(TARGET_NAME)";
				TARGETED_DEVICE_FAMILY = "1,2";
			};
			name = Release;
		};
/* End XCBuildConfiguration section */

/* Begin XCConfigurationList section */
		6420DBCF2297EC3B000F924E /* Build configuration list for PBXProject "XMLDataParse" */ = {
			isa = XCConfigurationList;
			buildConfigurations = (
				6420DBE82297EC3C000F924E /* Debug */,
				6420DBE92297EC3C000F924E /* Release */,
			);
			defaultConfigurationIsVisible = 0;
			defaultConfigurationName = Release;
		};
		6420DBEA2297EC3C000F924E /* Build configuration list for PBXNativeTarget "XMLDataParse" */ = {
			isa = XCConfigurationList;
			buildConfigurations = (
				6420DBEB2297EC3C000F924E /* Debug */,
				6420DBEC2297EC3C000F924E /* Release */,
			);
			defaultConfigurationIsVisible = 0;
			defaultConfigurationName = Release;
		};
/* End XCConfigurationList section */
	};
	rootObject = 6420DBCC2297EC3B000F924E /* Project object */;
}
